
Microsoft Visual Studio Solution File, Format Version 12.00
# Visual Studio Version 16
VisualStudioVersion = 16.0.31410.357
MinimumVisualStudioVersion = 10.0.40219.1
Project("{FAE04EC0-301F-11D3-BF4B-00C04F79EFBC}") = "SpotifyBot", "SpotifyBot.csproj", "{A32020F1-A7E4-420A-8D97-9FC32A5C307D}"
EndProject
Global
	GlobalSection(SolutionConfigurationPlatforms) = preSolution
		Debug|Any CPU = Debug|Any CPU
		Release|Any CPU = Release|Any CPU
	EndGlobalSection
	GlobalSection(ProjectConfigurationPlatforms) = postSolution
		{A32020F1-A7E4-420A-8D97-9FC32A5C307D}.Debug|Any CPU.ActiveCfg = Debug|Any CPU
		{A32020F1-A7E4-420A-8D97-9FC32A5C307D}.Debug|Any CPU.Build.0 = Debug|Any CPU
		{A32020F1-A7E4-420A-8D97-9FC32A5C307D}.Release|Any CPU.ActiveCfg = Release|Any CPU
		{A32020F1-A7E4-420A-8D97-9FC32A5C307D}.Release|Any CPU.Build.0 = Release|Any CPU
	EndGlobalSection
	GlobalSection(SolutionProperties) = preSolution
		HideSolutionNode = FALSE
	EndGlobalSection
	GlobalSection(ExtensibilityGlobals) = postSolution
		SolutionGuid = {4CC5982A-D794-47D3-8B6C-45720E0D932E}
	EndGlobalSection
EndGlobal
